
Microsoft Visual Studio Solution File, Format Version 12.00
# Visual Studio Version 17
VisualStudioVersion = 17.8.34330.188
MinimumVisualStudioVersion = 10.0.40219.1
Project("{9A19103F-16F7-4668-BE54-9A1E7A4F7556}") = "HackerNewsAPI", "HackerNewsAPI\HackerNewsAPI.csproj", "{88A914E1-15FA-4C51-9579-DC5A08D9974E}"
EndProject
Project("{2150E333-8FDC-42A3-9474-1A3956D46DE8}") = "Solution Items", "Solution Items", "{6ED1F1B7-791C-4079-8800-66A5A153A1D4}"
	ProjectSection(SolutionItems) = preProject
		README.md = README.md
	EndProjectSection
EndProject
Project("{FAE04EC0-301F-11D3-BF4B-00C04F79EFBC}") = "HackerNewsAPI.Tests", "HackerNewsAPI.Tests\HackerNewsAPI.Tests.csproj", "{58F4AA7B-FB37-4F65-8BCB-C249CB9BE0BC}"
EndProject
Global
	GlobalSection(SolutionConfigurationPlatforms) = preSolution
		Debug|Any CPU = Debug|Any CPU
		Release|Any CPU = Release|Any CPU
	EndGlobalSection
	GlobalSection(ProjectConfigurationPlatforms) = postSolution
		{88A914E1-15FA-4C51-9579-DC5A08D9974E}.Debug|Any CPU.ActiveCfg = Debug|Any CPU
		{88A914E1-15FA-4C51-9579-DC5A08D9974E}.Debug|Any CPU.Build.0 = Debug|Any CPU
		{88A914E1-15FA-4C51-9579-DC5A08D9974E}.Release|Any CPU.ActiveCfg = Release|Any CPU
		{88A914E1-15FA-4C51-9579-DC5A08D9974E}.Release|Any CPU.Build.0 = Release|Any CPU
		{58F4AA7B-FB37-4F65-8BCB-C249CB9BE0BC}.Debug|Any CPU.ActiveCfg = Debug|Any CPU
		{58F4AA7B-FB37-4F65-8BCB-C249CB9BE0BC}.Debug|Any CPU.Build.0 = Debug|Any CPU
		{58F4AA7B-FB37-4F65-8BCB-C249CB9BE0BC}.Release|Any CPU.ActiveCfg = Release|Any CPU
		{58F4AA7B-FB37-4F65-8BCB-C249CB9BE0BC}.Release|Any CPU.Build.0 = Release|Any CPU
	EndGlobalSection
	GlobalSection(SolutionProperties) = preSolution
		HideSolutionNode = FALSE
	EndGlobalSection
	GlobalSection(ExtensibilityGlobals) = postSolution
		SolutionGuid = {21C7F765-C3C6-459B-81E3-373D10E57467}
	EndGlobalSection
EndGlobal
